// !$*UTF8*$!
{
	archiveVersion = 1;
	classes = {
	};
	objectVersion = 50;
	objects = {

/* Begin PBXBuildFile section */
		7063DEBF2174B4F8003CBFDE /* AppDelegate.swift in Sources */ = {isa = PBXBuildFile; fileRef = 7063DEBE2174B4F8003CBFDE /* AppDelegate.swift */; };
		7063DEC12174B4F8003CBFDE /* ViewController.swift in Sources */ = {isa = PBXBuildFile; fileRef = 7063DEC02174B4F8003CBFDE /* ViewController.swift */; };
		7063DEC42174B4F8003CBFDE /* Main.storyboard in Resources */ = {isa = PBXBuildFile; fileRef = 7063DEC22174B4F8003CBFDE /* Main.storyboard */; };
		7063DEC62174B501003CBFDE /* Assets.xcassets in Resources */ = {isa = PBXBuildFile; fileRef = 7063DEC52174B501003CBFDE /* Assets.xcassets */; };
		7063DEC92174B501003CBFDE /* LaunchScreen.storyboard in Resources */ = {isa = PBXBuildFile; fileRef = 7063DEC72174B501003CBFDE /* LaunchScreen.storyboard */; };
		7063DED42174B501003CBFDE /* TerminalTestTests.swift in Sources */ = {isa = PBXBuildFile; fileRef = 7063DED32174B501003CBFDE /* TerminalTestTests.swift */; };
		7063DEDF2174B501003CBFDE /* TerminalTestUITests.swift in Sources */ = {isa = PBXBuildFile; fileRef = 7063DEDE2174B501003CBFDE /* TerminalTestUITests.swift */; };
/* End PBXBuildFile section */

/* Begin PBXContainerItemProxy section */
		7063DED02174B501003CBFDE /* PBXContainerItemProxy */ = {
			isa = PBXContainerItemProxy;
			containerPortal = 7063DEB32174B4F8003CBFDE /* Project object */;
			proxyType = 1;
			remoteGlobalIDString = 7063DEBA2174B4F8003CBFDE;
			remoteInfo = TerminalTest;
		};
		7063DEDB2174B501003CBFDE /* PBXContainerItemProxy */ = {
			isa = PBXContainerItemProxy;
			containerPortal = 7063DEB32174B4F8003CBFDE /* Project object */;
			proxyType = 1;
			remoteGlobalIDString = 7063DEBA2174B4F8003CBFDE;
			remoteInfo = TerminalTest;
		};
/* End PBXContainerItemProxy section */

/* Begin PBXFileReference section */
		7063DEBB2174B4F8003CBFDE /* TerminalTest.app */ = {isa = PBXFileReference; explicitFileType = wrapper.application; includeInIndex = 0; path = TerminalTest.app; sourceTree = BUILT_PRODUCTS_DIR; };
		7063DEBE2174B4F8003CBFDE /* AppDelegate.swift */ = {isa = PBXFileReference; lastKnownFileType = sourcecode.swift; path = AppDelegate.swift; sourceTree = "<group>"; };
		7063DEC02174B4F8003CBFDE /* ViewController.swift */ = {isa = PBXFileReference; lastKnownFileType = sourcecode.swift; path = ViewController.swift; sourceTree = "<group>"; };
		7063DEC32174B4F8003CBFDE /* Base */ = {isa = PBXFileReference; lastKnownFileType = file.storyboard; name = Base; path = Base.lproj/Main.storyboard; sourceTree = "<group>"; };
		7063DEC52174B501003CBFDE /* Assets.xcassets */ = {isa = PBXFileReference; lastKnownFileType = folder.assetcatalog; path = Assets.xcassets; sourceTree = "<group>"; };
		7063DEC82174B501003CBFDE /* Base */ = {isa = PBXFileReference; lastKnownFileType = file.storyboard; name = Base; path = Base.lproj/LaunchScreen.storyboard; sourceTree = "<group>"; };
		7063DECA2174B501003CBFDE /* Info.plist */ = {isa = PBXFileReference; lastKnownFileType = text.plist.xml; path = Info.plist; sourceTree = "<group>"; };
		7063DECF2174B501003CBFDE /* TerminalTestTests.xctest */ = {isa = PBXFileReference; explicitFileType = wrapper.cfbundle; includeInIndex = 0; path = TerminalTestTests.xctest; sourceTree = BUILT_PRODUCTS_DIR; };
		7063DED32174B501003CBFDE /* TerminalTestTests.swift */ = {isa = PBXFileReference; lastKnownFileType = sourcecode.swift; path = TerminalTestTests.swift; sourceTree = "<group>"; };
		7063DED52174B501003CBFDE /* Info.plist */ = {isa = PBXFileReference; lastKnownFileType = text.plist.xml; path = Info.plist; sourceTree = "<group>"; };
		7063DEDA2174B501003CBFDE /* TerminalTestUITests.xctest */ = {isa = PBXFileReference; explicitFileType = wrapper.cfbundle; includeInIndex = 0; path = TerminalTestUITests.xctest; sourceTree = BUILT_PRODUCTS_DIR; };
		7063DEDE2174B501003CBFDE /* TerminalTestUITests.swift */ = {isa = PBXFileReference; lastKnownFileType = sourcecode.swift; path = TerminalTestUITests.swift; sourceTree = "<group>"; };
		7063DEE02174B501003CBFDE /* Info.plist */ = {isa = PBXFileReference; lastKnownFileType = text.plist.xml; path = Info.plist; sourceTree = "<group>"; };
/* End PBXFileReference section */

/* Begin PBXFrameworksBuildPhase section */
		7063DEB82174B4F8003CBFDE /* Frameworks */ = {
			isa = PBXFrameworksBuildPhase;
			buildActionMask = 2147483647;
			files = (
			);
			runOnlyForDeploymentPostprocessing = 0;
		};
		7063DECC2174B501003CBFDE /* Frameworks */ = {
			isa = PBXFrameworksBuildPhase;
			buildActionMask = 2147483647;
			files = (
			);
			runOnlyForDeploymentPostprocessing = 0;
		};
		7063DED72174B501003CBFDE /* Frameworks */ = {
			isa = PBXFrameworksBuildPhase;
			buildActionMask = 2147483647;
			files = (
			);
			runOnlyForDeploymentPostprocessing = 0;
		};
/* End PBXFrameworksBuildPhase section */

/* Begin PBXGroup section */
		7063DEB22174B4F8003CBFDE = {
			isa = PBXGroup;
			children = (
				7063DEBD2174B4F8003CBFDE /* TerminalTest */,
				7063DED22174B501003CBFDE /* TerminalTestTests */,
				7063DEDD2174B501003CBFDE /* TerminalTestUITests */,
				7063DEBC2174B4F8003CBFDE /* Products */,
			);
			sourceTree = "<group>";
		};
		7063DEBC2174B4F8003CBFDE /* Products */ = {
			isa = PBXGroup;
			children = (
				7063DEBB2174B4F8003CBFDE /* TerminalTest.app */,
				7063DECF2174B501003CBFDE /* TerminalTestTests.xctest */,
				7063DEDA2174B501003CBFDE /* TerminalTestUITests.xctest */,
			);
			name = Products;
			sourceTree = "<group>";
		};
		7063DEBD2174B4F8003CBFDE /* TerminalTest */ = {
			isa = PBXGroup;
			children = (
				7063DEBE2174B4F8003CBFDE /* AppDelegate.swift */,
				7063DEC02174B4F8003CBFDE /* ViewController.swift */,
				7063DEC22174B4F8003CBFDE /* Main.storyboard */,
				7063DEC52174B501003CBFDE /* Assets.xcassets */,
				7063DEC72174B501003CBFDE /* LaunchScreen.storyboard */,
				7063DECA2174B501003CBFDE /* Info.plist */,
			);
			path = TerminalTest;
			sourceTree = "<group>";
		};
		7063DED22174B501003CBFDE /* TerminalTestTests */ = {
			isa = PBXGroup;
			children = (
				7063DED32174B501003CBFDE /* TerminalTestTests.swift */,
				7063DED52174B501003CBFDE /* Info.plist */,
			);
			path = TerminalTestTests;
			sourceTree = "<group>";
		};
		7063DEDD2174B501003CBFDE /* TerminalTestUITests */ = {
			isa = PBXGroup;
			children = (
				7063DEDE2174B501003CBFDE /* TerminalTestUITests.swift */,
				7063DEE02174B501003CBFDE /* Info.plist */,
			);
			path = TerminalTestUITests;
			sourceTree = "<group>";
		};
/* End PBXGroup section */

/* Begin PBXNativeTarget section */
		7063DEBA2174B4F8003CBFDE /* TerminalTest */ = {
			isa = PBXNativeTarget;
			buildConfigurationList = 7063DEE32174B501003CBFDE /* Build configuration list for PBXNativeTarget "TerminalTest" */;
			buildPhases = (
				7063DEB72174B4F8003CBFDE /* Sources */,
				7063DEB82174B4F8003CBFDE /* Frameworks */,
				7063DEB92174B4F8003CBFDE /* Resources */,
			);
			buildRules = (
			);
			dependencies = (
			);
			name = TerminalTest;
			productName = TerminalTest;
			productReference = 7063DEBB2174B4F8003CBFDE /* TerminalTest.app */;
			productType = "com.apple.product-type.application";
		};
		7063DECE2174B501003CBFDE /* TerminalTestTests */ = {
			isa = PBXNativeTarget;
			buildConfigurationList = 7063DEE62174B501003CBFDE /* Build configuration list for PBXNativeTarget "TerminalTestTests" */;
			buildPhases = (
				7063DECB2174B501003CBFDE /* Sources */,
				7063DECC2174B501003CBFDE /* Frameworks */,
				7063DECD2174B501003CBFDE /* Resources */,
			);
			buildRules = (
			);
			dependencies = (
				7063DED12174B501003CBFDE /* PBXTargetDependency */,
			);
			name = TerminalTestTests;
			productName = TerminalTestTests;
			productReference = 7063DECF2174B501003CBFDE /* TerminalTestTests.xctest */;
			productType = "com.apple.product-type.bundle.unit-test";
		};
		7063DED92174B501003CBFDE /* TerminalTestUITests */ = {
			isa = PBXNativeTarget;
			buildConfigurationList = 7063DEE92174B501003CBFDE /* Build configuration list for PBXNativeTarget "TerminalTestUITests" */;
			buildPhases = (
				7063DED62174B501003CBFDE /* Sources */,
				7063DED72174B501003CBFDE /* Frameworks */,
				7063DED82174B501003CBFDE /* Resources */,
			);
			buildRules = (
			);
			dependencies = (
				7063DEDC2174B501003CBFDE /* PBXTargetDependency */,
			);
			name = TerminalTestUITests;
			productName = TerminalTestUITests;
			productReference = 7063DEDA2174B501003CBFDE /* TerminalTestUITests.xctest */;
			productType = "com.apple.product-type.bundle.ui-testing";
		};
/* End PBXNativeTarget section */

/* Begin PBXProject section */
		7063DEB32174B4F8003CBFDE /* Project object */ = {
			isa = PBXProject;
			attributes = {
				LastSwiftUpdateCheck = 1000;
				LastUpgradeCheck = 1000;
				ORGANIZATIONNAME = "mTL NARESH";
				TargetAttributes = {
					7063DEBA2174B4F8003CBFDE = {
						CreatedOnToolsVersion = 10.0;
					};
					7063DECE2174B501003CBFDE = {
						CreatedOnToolsVersion = 10.0;
						TestTargetID = 7063DEBA2174B4F8003CBFDE;
					};
					7063DED92174B501003CBFDE = {
						CreatedOnToolsVersion = 10.0;
						TestTargetID = 7063DEBA2174B4F8003CBFDE;
					};
				};
			};
			buildConfigurationList = 7063DEB62174B4F8003CBFDE /* Build configuration list for PBXProject "TerminalTest" */;
			compatibilityVersion = "Xcode 9.3";
			developmentRegion = en;
			hasScannedForEncodings = 0;
			knownRegions = (
				en,
				Base,
			);
			mainGroup = 7063DEB22174B4F8003CBFDE;
			productRefGroup = 7063DEBC2174B4F8003CBFDE /* Products */;
			projectDirPath = "";
			projectRoot = "";
			targets = (
				7063DEBA2174B4F8003CBFDE /* TerminalTest */,
				7063DECE2174B501003CBFDE /* TerminalTestTests */,
				7063DED92174B501003CBFDE /* TerminalTestUITests */,
			);
		};
/* End PBXProject section */

/* Begin PBXResourcesBuildPhase section */
		7063DEB92174B4F8003CBFDE /* Resources */ = {
			isa = PBXResourcesBuildPhase;
			buildActionMask = 2147483647;
			files = (
				7063DEC92174B501003CBFDE /* LaunchScreen.storyboard in Resources */,
				7063DEC62174B501003CBFDE /* Assets.xcassets in Resources */,
				7063DEC42174B4F8003CBFDE /* Main.storyboard in Resources */,
			);
			runOnlyForDeploymentPostprocessing = 0;
		};
		7063DECD2174B501003CBFDE /* Resources */ = {
			isa = PBXResourcesBuildPhase;
			buildActionMask = 2147483647;
			files = (
			);
			runOnlyForDeploymentPostprocessing = 0;
		};
		7063DED82174B501003CBFDE /* Resources */ = {
			isa = PBXResourcesBuildPhase;
			buildActionMask = 2147483647;
			files = (
			);
			runOnlyForDeploymentPostprocessing = 0;
		};
/* End PBXResourcesBuildPhase section */

/* Begin PBXSourcesBuildPhase section */
		7063DEB72174B4F8003CBFDE /* Sources */ = {
			isa = PBXSourcesBuildPhase;
			buildActionMask = 2147483647;
			files = (
				7063DEC12174B4F8003CBFDE /* ViewController.swift in Sources */,
				7063DEBF2174B4F8003CBFDE /* AppDelegate.swift in Sources */,
			);
			runOnlyForDeploymentPostprocessing = 0;
		};
		7063DECB2174B501003CBFDE /* Sources */ = {
			isa = PBXSourcesBuildPhase;
			buildActionMask = 2147483647;
			files = (
				7063DED42174B501003CBFDE /* TerminalTestTests.swift in Sources */,
			);
			runOnlyForDeploymentPostprocessing = 0;
		};
		7063DED62174B501003CBFDE /* Sources */ = {
			isa = PBXSourcesBuildPhase;
			buildActionMask = 2147483647;
			files = (
				7063DEDF2174B501003CBFDE /* TerminalTestUITests.swift in Sources */,
			);
			runOnlyForDeploymentPostprocessing = 0;
		};
/* End PBXSourcesBuildPhase section */

/* Begin PBXTargetDependency section */
		7063DED12174B501003CBFDE /* PBXTargetDependency */ = {
			isa = PBXTargetDependency;
			target = 7063DEBA2174B4F8003CBFDE /* TerminalTest */;
			targetProxy = 7063DED02174B501003CBFDE /* PBXContainerItemProxy */;
		};
		7063DEDC2174B501003CBFDE /* PBXTargetDependency */ = {
			isa = PBXTargetDependency;
			target = 7063DEBA2174B4F8003CBFDE /* TerminalTest */;
			targetProxy = 7063DEDB2174B501003CBFDE /* PBXContainerItemProxy */;
		};
/* End PBXTargetDependency section */

/* Begin PBXVariantGroup section */
		7063DEC22174B4F8003CBFDE /* Main.storyboard */ = {
			isa = PBXVariantGroup;
			children = (
				7063DEC32174B4F8003CBFDE /* Base */,
			);
			name = Main.storyboard;
			sourceTree = "<group>";
		};
		7063DEC72174B501003CBFDE /* LaunchScreen.storyboard */ = {
			isa = PBXVariantGroup;
			children = (
				7063DEC82174B501003CBFDE /* Base */,
			);
			name = LaunchScreen.storyboard;
			sourceTree = "<group>";
		};
/* End PBXVariantGroup section */

/* Begin XCBuildConfiguration section */
		7063DEE12174B501003CBFDE /* Debug */ = {
			isa = XCBuildConfiguration;
			buildSettings = {
				ALWAYS_SEARCH_USER_PATHS = NO;
				CLANG_ANALYZER_NONNULL = YES;
				CLANG_ANALYZER_NUMBER_OBJECT_CONVERSION = YES_AGGRESSIVE;
				CLANG_CXX_LANGUAGE_STANDARD = "gnu++14";
				CLANG_CXX_LIBRARY = "libc++";
				CLANG_ENABLE_MODULES = YES;
				CLANG_ENABLE_OBJC_ARC = YES;
				CLANG_ENABLE_OBJC_WEAK = YES;
				CLANG_WARN_BLOCK_CAPTURE_AUTORELEASING = YES;
				CLANG_WARN_BOOL_CONVERSION = YES;
				CLANG_WARN_COMMA = YES;
				CLANG_WARN_CONSTANT_CONVERSION = YES;
				CLANG_WARN_DEPRECATED_OBJC_IMPLEMENTATIONS = YES;
				CLANG_WARN_DIRECT_OBJC_ISA_USAGE = YES_ERROR;
				CLANG_WARN_DOCUMENTATION_COMMENTS = YES;
				CLANG_WARN_EMPTY_BODY = YES;
				CLANG_WARN_ENUM_CONVERSION = YES;
				CLANG_WARN_INFINITE_RECURSION = YES;
				CLANG_WARN_INT_CONVERSION = YES;
				CLANG_WARN_NON_LITERAL_NULL_CONVERSION = YES;
				CLANG_WARN_OBJC_IMPLICIT_RETAIN_SELF = YES;
				CLANG_WARN_OBJC_LITERAL_CONVERSION = YES;
				CLANG_WARN_OBJC_ROOT_CLASS = YES_ERROR;
				CLANG_WARN_RANGE_LOOP_ANALYSIS = YES;
				CLANG_WARN_STRICT_PROTOTYPES = YES;
				CLANG_WARN_SUSPICIOUS_MOVE = YES;
				CLANG_WARN_UNGUARDED_AVAILABILITY = YES_AGGRESSIVE;
				CLANG_WARN_UNREACHABLE_CODE = YES;
				CLANG_WARN__DUPLICATE_METHOD_MATCH = YES;
				CODE_SIGN_IDENTITY = "iPhone Developer";
				COPY_PHASE_STRIP = NO;
				DEBUG_INFORMATION_FORMAT = dwarf;
				ENABLE_STRICT_OBJC_MSGSEND = YES;
				ENABLE_TESTABILITY = YES;
				GCC_C_LANGUAGE_STANDARD = gnu11;
				GCC_DYNAMIC_NO_PIC = NO;
				GCC_NO_COMMON_BLOCKS = YES;
				GCC_OPTIMIZATION_LEVEL = 0;
				GCC_PREPROCESSOR_DEFINITIONS = (
					"DEBUG=1",
					"$(inherited)",
				);
				GCC_WARN_64_TO_32_BIT_CONVERSION = YES;
				GCC_WARN_ABOUT_RETURN_TYPE = YES_ERROR;
				GCC_WARN_UNDECLARED_SELECTOR = YES;
				GCC_WARN_UNINITIALIZED_AUTOS = YES_AGGRESSIVE;
				GCC_WARN_UNUSED_FUNCTION = YES;
				GCC_WARN_UNUSED_VARIABLE = YES;
				IPHONEOS_DEPLOYMENT_TARGET = 12.0;
				MTL_ENABLE_DEBUG_INFO = INCLUDE_SOURCE;
				MTL_FAST_MATH = YES;
				ONLY_ACTIVE_ARCH = YES;
				SDKROOT = iphoneos;
				SWIFT_ACTIVE_COMPILATION_CONDITIONS = DEBUG;
				SWIFT_OPTIMIZATION_LEVEL = "-Onone";
			};
			name = Debug;
		};
		7063DEE22174B501003CBFDE /* Release */ = {
			isa = XCBuildConfiguration;
			buildSettings = {
				ALWAYS_SEARCH_USER_PATHS = NO;
				CLANG_ANALYZER_NONNULL = YES;
				CLANG_ANALYZER_NUMBER_OBJECT_CONVERSION = YES_AGGRESSIVE;
				CLANG_CXX_LANGUAGE_STANDARD = "gnu++14";
				CLANG_CXX_LIBRARY = "libc++";
				CLANG_ENABLE_MODULES = YES;
				CLANG_ENABLE_OBJC_ARC = YES;
				CLANG_ENABLE_OBJC_WEAK = YES;
				CLANG_WARN_BLOCK_CAPTURE_AUTORELEASING = YES;
				CLANG_WARN_BOOL_CONVERSION = YES;
				CLANG_WARN_COMMA = YES;
				CLANG_WARN_CONSTANT_CONVERSION = YES;
				CLANG_WARN_DEPRECATED_OBJC_IMPLEMENTATIONS = YES;
				CLANG_WARN_DIRECT_OBJC_ISA_USAGE = YES_ERROR;
				CLANG_WARN_DOCUMENTATION_COMMENTS = YES;
				CLANG_WARN_EMPTY_BODY = YES;
				CLANG_WARN_ENUM_CONVERSION = YES;
				CLANG_WARN_INFINITE_RECURSION = YES;
				CLANG_WARN_INT_CONVERSION = YES;
				CLANG_WARN_NON_LITERAL_NULL_CONVERSION = YES;
				CLANG_WARN_OBJC_IMPLICIT_RETAIN_SELF = YES;
				CLANG_WARN_OBJC_LITERAL_CONVERSION = YES;
				CLANG_WARN_OBJC_ROOT_CLASS = YES_ERROR;
				CLANG_WARN_RANGE_LOOP_ANALYSIS = YES;
				CLANG_WARN_STRICT_PROTOTYPES = YES;
				CLANG_WARN_SUSPICIOUS_MOVE = YES;
				CLANG_WARN_UNGUARDED_AVAILABILITY = YES_AGGRESSIVE;
				CLANG_WARN_UNREACHABLE_CODE = YES;
				CLANG_WARN__DUPLICATE_METHOD_MATCH = YES;
				CODE_SIGN_IDENTITY = "iPhone Developer";
				COPY_PHASE_STRIP = NO;
				DEBUG_INFORMATION_FORMAT = "dwarf-with-dsym";
				ENABLE_NS_ASSERTIONS = NO;
				ENABLE_STRICT_OBJC_MSGSEND = YES;
				GCC_C_LANGUAGE_STANDARD = gnu11;
				GCC_NO_COMMON_BLOCKS = YES;
				GCC_WARN_64_TO_32_BIT_CONVERSION = YES;
				GCC_WARN_ABOUT_RETURN_TYPE = YES_ERROR;
				GCC_WARN_UNDECLARED_SELECTOR = YES;
				GCC_WARN_UNINITIALIZED_AUTOS = YES_AGGRESSIVE;
				GCC_WARN_UNUSED_FUNCTION = YES;
				GCC_WARN_UNUSED_VARIABLE = YES;
				IPHONEOS_DEPLOYMENT_TARGET = 12.0;
				MTL_ENABLE_DEBUG_INFO = NO;
				MTL_FAST_MATH = YES;
				SDKROOT = iphoneos;
				SWIFT_COMPILATION_MODE = wholemodule;
				SWIFT_OPTIMIZATION_LEVEL = "-O";
				VALIDATE_PRODUCT = YES;
			};
			name = Release;
		};
		7063DEE42174B501003CBFDE /* Debug */ = {
			isa = XCBuildConfiguration;
			buildSettings = {
				ASSETCATALOG_COMPILER_APPICON_NAME = AppIcon;
				CODE_SIGN_STYLE = Automatic;
				INFOPLIST_FILE = TerminalTest/Info.plist;
				LD_RUNPATH_SEARCH_PATHS = (
					"$(inherited)",
					"@executable_path/Frameworks",
				);
				PRODUCT_BUNDLE_IDENTIFIER = com.mtlapps.dashPlayer.TerminalTest;
				PRODUCT_NAME = "$(TARGET_NAME)";
				SWIFT_VERSION = 4.2;
				TARGETED_DEVICE_FAMILY = "1,2";
			};
			name = Debug;
		};
		7063DEE52174B501003CBFDE /* Release */ = {
			isa = XCBuildConfiguration;
			buildSettings = {
				ASSETCATALOG_COMPILER_APPICON_NAME = AppIcon;
				CODE_SIGN_STYLE = Automatic;
				INFOPLIST_FILE = TerminalTest/Info.plist;
				LD_RUNPATH_SEARCH_PATHS = (
					"$(inherited)",
					"@executable_path/Frameworks",
				);
				PRODUCT_BUNDLE_IDENTIFIER = com.mtlapps.dashPlayer.TerminalTest;
				PRODUCT_NAME = "$(TARGET_NAME)";
				SWIFT_VERSION = 4.2;
				TARGETED_DEVICE_FAMILY = "1,2";
			};
			name = Release;
		};
		7063DEE72174B501003CBFDE /* Debug */ = {
			isa = XCBuildConfiguration;
			buildSettings = {
				ALWAYS_EMBED_SWIFT_STANDARD_LIBRARIES = YES;
				BUNDLE_LOADER = "$(TEST_HOST)";
				CODE_SIGN_STYLE = Automatic;
				INFOPLIST_FILE = TerminalTestTests/Info.plist;
				LD_RUNPATH_SEARCH_PATHS = (
					"$(inherited)",
					"@executable_path/Frameworks",
					"@loader_path/Frameworks",
				);
				PRODUCT_BUNDLE_IDENTIFIER = com.mtlapps.dashPlayer.TerminalTestTests;
				PRODUCT_NAME = "$(TARGET_NAME)";
				SWIFT_VERSION = 4.2;
				TARGETED_DEVICE_FAMILY = "1,2";
				TEST_HOST = "$(BUILT_PRODUCTS_DIR)/TerminalTest.app/TerminalTest";
			};
			name = Debug;
		};
		7063DEE82174B501003CBFDE /* Release */ = {
			isa = XCBuildConfiguration;
			buildSettings = {
				ALWAYS_EMBED_SWIFT_STANDARD_LIBRARIES = YES;
				BUNDLE_LOADER = "$(TEST_HOST)";
				CODE_SIGN_STYLE = Automatic;
				INFOPLIST_FILE = TerminalTestTests/Info.plist;
				LD_RUNPATH_SEARCH_PATHS = (
					"$(inherited)",
					"@executable_path/Frameworks",
					"@loader_path/Frameworks",
				);
				PRODUCT_BUNDLE_IDENTIFIER = com.mtlapps.dashPlayer.TerminalTestTests;
				PRODUCT_NAME = "$(TARGET_NAME)";
				SWIFT_VERSION = 4.2;
				TARGETED_DEVICE_FAMILY = "1,2";
				TEST_HOST = "$(BUILT_PRODUCTS_DIR)/TerminalTest.app/TerminalTest";
			};
			name = Release;
		};
		7063DEEA2174B501003CBFDE /* Debug */ = {
			isa = XCBuildConfiguration;
			buildSettings = {
				ALWAYS_EMBED_SWIFT_STANDARD_LIBRARIES = YES;
				CODE_SIGN_STYLE = Automatic;
				INFOPLIST_FILE = TerminalTestUITests/Info.plist;
				LD_RUNPATH_SEARCH_PATHS = (
					"$(inherited)",
					"@executable_path/Frameworks",
					"@loader_path/Frameworks",
				);
				PRODUCT_BUNDLE_IDENTIFIER = com.mtlapps.dashPlayer.TerminalTestUITests;
				PRODUCT_NAME = "$(TARGET_NAME)";
				SWIFT_VERSION = 4.2;
				TARGETED_DEVICE_FAMILY = "1,2";
				TEST_TARGET_NAME = TerminalTest;
			};
			name = Debug;
		};
		7063DEEB2174B501003CBFDE /* Release */ = {
			isa = XCBuildConfiguration;
			buildSettings = {
				ALWAYS_EMBED_SWIFT_STANDARD_LIBRARIES = YES;
				CODE_SIGN_STYLE = Automatic;
				INFOPLIST_FILE = TerminalTestUITests/Info.plist;
				LD_RUNPATH_SEARCH_PATHS = (
					"$(inherited)",
					"@executable_path/Frameworks",
					"@loader_path/Frameworks",
				);
				PRODUCT_BUNDLE_IDENTIFIER = com.mtlapps.dashPlayer.TerminalTestUITests;
				PRODUCT_NAME = "$(TARGET_NAME)";
				SWIFT_VERSION = 4.2;
				TARGETED_DEVICE_FAMILY = "1,2";
				TEST_TARGET_NAME = TerminalTest;
			};
			name = Release;
		};
/* End XCBuildConfiguration section */

/* Begin XCConfigurationList section */
		7063DEB62174B4F8003CBFDE /* Build configuration list for PBXProject "TerminalTest" */ = {
			isa = XCConfigurationList;
			buildConfigurations = (
				7063DEE12174B501003CBFDE /* Debug */,
				7063DEE22174B501003CBFDE /* Release */,
			);
			defaultConfigurationIsVisible = 0;
			defaultConfigurationName = Release;
		};
		7063DEE32174B501003CBFDE /* Build configuration list for PBXNativeTarget "TerminalTest" */ = {
			isa = XCConfigurationList;
			buildConfigurations = (
				7063DEE42174B501003CBFDE /* Debug */,
				7063DEE52174B501003CBFDE /* Release */,
			);
			defaultConfigurationIsVisible = 0;
			defaultConfigurationName = Release;
		};
		7063DEE62174B501003CBFDE /* Build configuration list for PBXNativeTarget "TerminalTestTests" */ = {
			isa = XCConfigurationList;
			buildConfigurations = (
				7063DEE72174B501003CBFDE /* Debug */,
				7063DEE82174B501003CBFDE /* Release */,
			);
			defaultConfigurationIsVisible = 0;
			defaultConfigurationName = Release;
		};
		7063DEE92174B501003CBFDE /* Build configuration list for PBXNativeTarget "TerminalTestUITests" */ = {
			isa = XCConfigurationList;
			buildConfigurations = (
				7063DEEA2174B501003CBFDE /* Debug */,
				7063DEEB2174B501003CBFDE /* Release */,
			);
			defaultConfigurationIsVisible = 0;
			defaultConfigurationName = Release;
		};
/* End XCConfigurationList section */
	};
	rootObject = 7063DEB32174B4F8003CBFDE /* Project object */;
}
